
Microsoft Visual Studio Solution File, Format Version 12.00
# Visual Studio 2013
VisualStudioVersion = 12.0.21005.1
MinimumVisualStudioVersion = 10.0.40219.1
Project("{8BC9CEB8-8B4A-11D0-8D11-00A0C91BC942}") = "按键", "按键\按键.vcxproj", "{619C11AA-1A10-4E82-9766-6BD037AA0D0B}"
EndProject
Project("{8BC9CEB8-8B4A-11D0-8D11-00A0C91BC942}") = "音乐播放", "音乐播放\音乐播放.vcxproj", "{7366FE79-8713-4A71-BB5F-BFF6F019287B}"
EndProject
Global
	GlobalSection(SolutionConfigurationPlatforms) = preSolution
		Debug|Win32 = Debug|Win32
		Release|Win32 = Release|Win32
	EndGlobalSection
	GlobalSection(ProjectConfigurationPlatforms) = postSolution
		{619C11AA-1A10-4E82-9766-6BD037AA0D0B}.Debug|Win32.ActiveCfg = Debug|Win32
		{619C11AA-1A10-4E82-9766-6BD037AA0D0B}.Debug|Win32.Build.0 = Debug|Win32
		{619C11AA-1A10-4E82-9766-6BD037AA0D0B}.Release|Win32.ActiveCfg = Release|Win32
		{619C11AA-1A10-4E82-9766-6BD037AA0D0B}.Release|Win32.Build.0 = Release|Win32
		{7366FE79-8713-4A71-BB5F-BFF6F019287B}.Debug|Win32.ActiveCfg = Debug|Win32
		{7366FE79-8713-4A71-BB5F-BFF6F019287B}.Debug|Win32.Build.0 = Debug|Win32
		{7366FE79-8713-4A71-BB5F-BFF6F019287B}.Release|Win32.ActiveCfg = Release|Win32
		{7366FE79-8713-4A71-BB5F-BFF6F019287B}.Release|Win32.Build.0 = Release|Win32
	EndGlobalSection
	GlobalSection(SolutionProperties) = preSolution
		HideSolutionNode = FALSE
	EndGlobalSection
EndGlobal
